// !$*UTF8*$!
{
	archiveVersion = 1;
	classes = {
	};
	objectVersion = 46;
	objects = {

/* Begin PBXBuildFile section */
		D16BB82D1E77BF8C00235546 /* main.m in Sources */ = {isa = PBXBuildFile; fileRef = D16BB82C1E77BF8C00235546 /* main.m */; };
		D16BB8301E77BF8C00235546 /* AppDelegate.m in Sources */ = {isa = PBXBuildFile; fileRef = D16BB82F1E77BF8C00235546 /* AppDelegate.m */; };
		D16BB8331E77BF8C00235546 /* ViewController.m in Sources */ = {isa = PBXBuildFile; fileRef = D16BB8321E77BF8C00235546 /* ViewController.m */; };
		D16BB8361E77BF8C00235546 /* Main.storyboard in Resources */ = {isa = PBXBuildFile; fileRef = D16BB8341E77BF8C00235546 /* Main.storyboard */; };
		D16BB8381E77BF8C00235546 /* Assets.xcassets in Resources */ = {isa = PBXBuildFile; fileRef = D16BB8371E77BF8C00235546 /* Assets.xcassets */; };
		D16BB83B1E77BF8C00235546 /* LaunchScreen.storyboard in Resources */ = {isa = PBXBuildFile; fileRef = D16BB8391E77BF8C00235546 /* LaunchScreen.storyboard */; };
/* End PBXBuildFile section */

/* Begin PBXFileReference section */
		D16BB8281E77BF8C00235546 /* SjTest.app */ = {isa = PBXFileReference; explicitFileType = wrapper.application; includeInIndex = 0; path = SjTest.app; sourceTree = BUILT_PRODUCTS_DIR; };
		D16BB82C1E77BF8C00235546 /* main.m */ = {isa = PBXFileReference; lastKnownFileType = sourcecode.c.objc; path = main.m; sourceTree = "<group>"; };
		D16BB82E1E77BF8C00235546 /* AppDelegate.h */ = {isa = PBXFileReference; lastKnownFileType = sourcecode.c.h; path = AppDelegate.h; sourceTree = "<group>"; };
		D16BB82F1E77BF8C00235546 /* AppDelegate.m */ = {isa = PBXFileReference; lastKnownFileType = sourcecode.c.objc; path = AppDelegate.m; sourceTree = "<group>"; };
		D16BB8311E77BF8C00235546 /* ViewController.h */ = {isa = PBXFileReference; lastKnownFileType = sourcecode.c.h; path = ViewController.h; sourceTree = "<group>"; };
		D16BB8321E77BF8C00235546 /* ViewController.m */ = {isa = PBXFileReference; lastKnownFileType = sourcecode.c.objc; path = ViewController.m; sourceTree = "<group>"; };
		D16BB8351E77BF8C00235546 /* Base */ = {isa = PBXFileReference; lastKnownFileType = file.storyboard; name = Base; path = Base.lproj/Main.storyboard; sourceTree = "<group>"; };
		D16BB8371E77BF8C00235546 /* Assets.xcassets */ = {isa = PBXFileReference; lastKnownFileType = folder.assetcatalog; path = Assets.xcassets; sourceTree = "<group>"; };
		D16BB83A1E77BF8C00235546 /* Base */ = {isa = PBXFileReference; lastKnownFileType = file.storyboard; name = Base; path = Base.lproj/LaunchScreen.storyboard; sourceTree = "<group>"; };
		D16BB83C1E77BF8C00235546 /* Info.plist */ = {isa = PBXFileReference; lastKnownFileType = text.plist.xml; path = Info.plist; sourceTree = "<group>"; };
/* End PBXFileReference section */

/* Begin PBXFrameworksBuildPhase section */
		D16BB8251E77BF8B00235546 /* Frameworks */ = {
			isa = PBXFrameworksBuildPhase;
			buildActionMask = 2147483647;
			files = (
			);
			runOnlyForDeploymentPostprocessing = 0;
		};
/* End PBXFrameworksBuildPhase section */

/* Begin PBXGroup section */
		D16BB81F1E77BF8B00235546 = {
			isa = PBXGroup;
			children = (
				D16BB82A1E77BF8C00235546 /* SjTest */,
				D16BB8291E77BF8C00235546 /* Products */,
			);
			sourceTree = "<group>";
		};
		D16BB8291E77BF8C00235546 /* Products */ = {
			isa = PBXGroup;
			children = (
				D16BB8281E77BF8C00235546 /* SjTest.app */,
			);
			name = Products;
			sourceTree = "<group>";
		};
		D16BB82A1E77BF8C00235546 /* SjTest */ = {
			isa = PBXGroup;
			children = (
				D16BB82E1E77BF8C00235546 /* AppDelegate.h */,
				D16BB82F1E77BF8C00235546 /* AppDelegate.m */,
				D16BB8311E77BF8C00235546 /* ViewController.h */,
				D16BB8321E77BF8C00235546 /* ViewController.m */,
				D16BB8341E77BF8C00235546 /* Main.storyboard */,
				D16BB8371E77BF8C00235546 /* Assets.xcassets */,
				D16BB8391E77BF8C00235546 /* LaunchScreen.storyboard */,
				D16BB83C1E77BF8C00235546 /* Info.plist */,
				D16BB82B1E77BF8C00235546 /* Supporting Files */,
			);
			path = SjTest;
			sourceTree = "<group>";
		};
		D16BB82B1E77BF8C00235546 /* Supporting Files */ = {
			isa = PBXGroup;
			children = (
				D16BB82C1E77BF8C00235546 /* main.m */,
			);
			name = "Supporting Files";
			sourceTree = "<group>";
		};
/* End PBXGroup section */

/* Begin PBXNativeTarget section */
		D16BB8271E77BF8B00235546 /* SjTest */ = {
			isa = PBXNativeTarget;
			buildConfigurationList = D16BB83F1E77BF8C00235546 /* Build configuration list for PBXNativeTarget "SjTest" */;
			buildPhases = (
				D16BB8241E77BF8B00235546 /* Sources */,
				D16BB8251E77BF8B00235546 /* Frameworks */,
				D16BB8261E77BF8B00235546 /* Resources */,
			);
			buildRules = (
			);
			dependencies = (
			);
			name = SjTest;
			productName = SjTest;
			productReference = D16BB8281E77BF8C00235546 /* SjTest.app */;
			productType = "com.apple.product-type.application";
		};
/* End PBXNativeTarget section */

/* Begin PBXProject section */
		D16BB8201E77BF8B00235546 /* Project object */ = {
			isa = PBXProject;
			attributes = {
				LastUpgradeCheck = 0820;
				ORGANIZATIONNAME = "奢集";
				TargetAttributes = {
					D16BB8271E77BF8B00235546 = {
						CreatedOnToolsVersion = 8.2.1;
						DevelopmentTeam = YM9NRRZ66L;
						ProvisioningStyle = Automatic;
					};
				};
			};
			buildConfigurationList = D16BB8231E77BF8B00235546 /* Build configuration list for PBXProject "SjTest" */;
			compatibilityVersion = "Xcode 3.2";
			developmentRegion = English;
			hasScannedForEncodings = 0;
			knownRegions = (
				en,
				Base,
			);
			mainGroup = D16BB81F1E77BF8B00235546;
			productRefGroup = D16BB8291E77BF8C00235546 /* Products */;
			projectDirPath = "";
			projectRoot = "";
			targets = (
				D16BB8271E77BF8B00235546 /* SjTest */,
			);
		};
/* End PBXProject section */

/* Begin PBXResourcesBuildPhase section */
		D16BB8261E77BF8B00235546 /* Resources */ = {
			isa = PBXResourcesBuildPhase;
			buildActionMask = 2147483647;
			files = (
				D16BB83B1E77BF8C00235546 /* LaunchScreen.storyboard in Resources */,
				D16BB8381E77BF8C00235546 /* Assets.xcassets in Resources */,
				D16BB8361E77BF8C00235546 /* Main.storyboard in Resources */,
			);
			runOnlyForDeploymentPostprocessing = 0;
		};
/* End PBXResourcesBuildPhase section */

/* Begin PBXSourcesBuildPhase section */
		D16BB8241E77BF8B00235546 /* Sources */ = {
			isa = PBXSourcesBuildPhase;
			buildActionMask = 2147483647;
			files = (
				D16BB8331E77BF8C00235546 /* ViewController.m in Sources */,
				D16BB8301E77BF8C00235546 /* AppDelegate.m in Sources */,
				D16BB82D1E77BF8C00235546 /* main.m in Sources */,
			);
			runOnlyForDeploymentPostprocessing = 0;
		};
/* End PBXSourcesBuildPhase section */

/* Begin PBXVariantGroup section */
		D16BB8341E77BF8C00235546 /* Main.storyboard */ = {
			isa = PBXVariantGroup;
			children = (
				D16BB8351E77BF8C00235546 /* Base */,
			);
			name = Main.storyboard;
			sourceTree = "<group>";
		};
		D16BB8391E77BF8C00235546 /* LaunchScreen.storyboard */ = {
			isa = PBXVariantGroup;
			children = (
				D16BB83A1E77BF8C00235546 /* Base */,
			);
			name = LaunchScreen.storyboard;
			sourceTree = "<group>";
		};
/* End PBXVariantGroup section */

/* Begin XCBuildConfiguration section */
		D16BB83D1E77BF8C00235546 /* Debug */ = {
			isa = XCBuildConfiguration;
			buildSettings = {
				ALWAYS_SEARCH_USER_PATHS = NO;
				CLANG_ANALYZER_NONNULL = YES;
				CLANG_CXX_LANGUAGE_STANDARD = "gnu++0x";
				CLANG_CXX_LIBRARY = "libc++";
				CLANG_ENABLE_MODULES = YES;
				CLANG_ENABLE_OBJC_ARC = YES;
				CLANG_WARN_BOOL_CONVERSION = YES;
				CLANG_WARN_CONSTANT_CONVERSION = YES;
				CLANG_WARN_DIRECT_OBJC_ISA_USAGE = YES_ERROR;
				CLANG_WARN_DOCUMENTATION_COMMENTS = YES;
				CLANG_WARN_EMPTY_BODY = YES;
				CLANG_WARN_ENUM_CONVERSION = YES;
				CLANG_WARN_INFINITE_RECURSION = YES;
				CLANG_WARN_INT_CONVERSION = YES;
				CLANG_WARN_OBJC_ROOT_CLASS = YES_ERROR;
				CLANG_WARN_SUSPICIOUS_MOVE = YES;
				CLANG_WARN_UNREACHABLE_CODE = YES;
				CLANG_WARN__DUPLICATE_METHOD_MATCH = YES;
				"CODE_SIGN_IDENTITY[sdk=iphoneos*]" = "iPhone Developer";
				COPY_PHASE_STRIP = NO;
				DEBUG_INFORMATION_FORMAT = dwarf;
				ENABLE_STRICT_OBJC_MSGSEND = YES;
				ENABLE_TESTABILITY = YES;
				GCC_C_LANGUAGE_STANDARD = gnu99;
				GCC_DYNAMIC_NO_PIC = NO;
				GCC_NO_COMMON_BLOCKS = YES;
				GCC_OPTIMIZATION_LEVEL = 0;
				GCC_PREPROCESSOR_DEFINITIONS = (
					"DEBUG=1",
					"$(inherited)",
				);
				GCC_WARN_64_TO_32_BIT_CONVERSION = YES;
				GCC_WARN_ABOUT_RETURN_TYPE = YES_ERROR;
				GCC_WARN_UNDECLARED_SELECTOR = YES;
				GCC_WARN_UNINITIALIZED_AUTOS = YES_AGGRESSIVE;
				GCC_WARN_UNUSED_FUNCTION = YES;
				GCC_WARN_UNUSED_VARIABLE = YES;
				IPHONEOS_DEPLOYMENT_TARGET = 10.2;
				MTL_ENABLE_DEBUG_INFO = YES;
				ONLY_ACTIVE_ARCH = YES;
				SDKROOT = iphoneos;
				TARGETED_DEVICE_FAMILY = "1,2";
			};
			name = Debug;
		};
		D16BB83E1E77BF8C00235546 /* Release */ = {
			isa = XCBuildConfiguration;
			buildSettings = {
				ALWAYS_SEARCH_USER_PATHS = NO;
				CLANG_ANALYZER_NONNULL = YES;
				CLANG_CXX_LANGUAGE_STANDARD = "gnu++0x";
				CLANG_CXX_LIBRARY = "libc++";
				CLANG_ENABLE_MODULES = YES;
				CLANG_ENABLE_OBJC_ARC = YES;
				CLANG_WARN_BOOL_CONVERSION = YES;
				CLANG_WARN_CONSTANT_CONVERSION = YES;
				CLANG_WARN_DIRECT_OBJC_ISA_USAGE = YES_ERROR;
				CLANG_WARN_DOCUMENTATION_COMMENTS = YES;
				CLANG_WARN_EMPTY_BODY = YES;
				CLANG_WARN_ENUM_CONVERSION = YES;
				CLANG_WARN_INFINITE_RECURSION = YES;
				CLANG_WARN_INT_CONVERSION = YES;
				CLANG_WARN_OBJC_ROOT_CLASS = YES_ERROR;
				CLANG_WARN_SUSPICIOUS_MOVE = YES;
				CLANG_WARN_UNREACHABLE_CODE = YES;
				CLANG_WARN__DUPLICATE_METHOD_MATCH = YES;
				"CODE_SIGN_IDENTITY[sdk=iphoneos*]" = "iPhone Developer";
				COPY_PHASE_STRIP = NO;
				DEBUG_INFORMATION_FORMAT = "dwarf-with-dsym";
				ENABLE_NS_ASSERTIONS = NO;
				ENABLE_STRICT_OBJC_MSGSEND = YES;
				GCC_C_LANGUAGE_STANDARD = gnu99;
				GCC_NO_COMMON_BLOCKS = YES;
				GCC_WARN_64_TO_32_BIT_CONVERSION = YES;
				GCC_WARN_ABOUT_RETURN_TYPE = YES_ERROR;
				GCC_WARN_UNDECLARED_SELECTOR = YES;
				GCC_WARN_UNINITIALIZED_AUTOS = YES_AGGRESSIVE;
				GCC_WARN_UNUSED_FUNCTION = YES;
				GCC_WARN_UNUSED_VARIABLE = YES;
				IPHONEOS_DEPLOYMENT_TARGET = 10.2;
				MTL_ENABLE_DEBUG_INFO = NO;
				SDKROOT = iphoneos;
				TARGETED_DEVICE_FAMILY = "1,2";
				VALIDATE_PRODUCT = YES;
			};
			name = Release;
		};
		D16BB8401E77BF8C00235546 /* Debug */ = {
			isa = XCBuildConfiguration;
			buildSettings = {
				ASSETCATALOG_COMPILER_APPICON_NAME = AppIcon;
				DEVELOPMENT_TEAM = YM9NRRZ66L;
				INFOPLIST_FILE = SjTest/Info.plist;
				LD_RUNPATH_SEARCH_PATHS = "$(inherited) @executable_path/Frameworks";
				PRODUCT_BUNDLE_IDENTIFIER = SJ.SjTest;
				PRODUCT_NAME = "$(TARGET_NAME)";
			};
			name = Debug;
		};
		D16BB8411E77BF8C00235546 /* Release */ = {
			isa = XCBuildConfiguration;
			buildSettings = {
				ASSETCATALOG_COMPILER_APPICON_NAME = AppIcon;
				DEVELOPMENT_TEAM = YM9NRRZ66L;
				INFOPLIST_FILE = SjTest/Info.plist;
				LD_RUNPATH_SEARCH_PATHS = "$(inherited) @executable_path/Frameworks";
				PRODUCT_BUNDLE_IDENTIFIER = SJ.SjTest;
				PRODUCT_NAME = "$(TARGET_NAME)";
			};
			name = Release;
		};
/* End XCBuildConfiguration section */

/* Begin XCConfigurationList section */
		D16BB8231E77BF8B00235546 /* Build configuration list for PBXProject "SjTest" */ = {
			isa = XCConfigurationList;
			buildConfigurations = (
				D16BB83D1E77BF8C00235546 /* Debug */,
				D16BB83E1E77BF8C00235546 /* Release */,
			);
			defaultConfigurationIsVisible = 0;
			defaultConfigurationName = Release;
		};
		D16BB83F1E77BF8C00235546 /* Build configuration list for PBXNativeTarget "SjTest" */ = {
			isa = XCConfigurationList;
			buildConfigurations = (
				D16BB8401E77BF8C00235546 /* Debug */,
				D16BB8411E77BF8C00235546 /* Release */,
			);
			defaultConfigurationIsVisible = 0;
		};
/* End XCConfigurationList section */
	};
	rootObject = D16BB8201E77BF8B00235546 /* Project object */;
}
